// !$*UTF8*$!
{
	archiveVersion = 1;
	classes = {
	};
	objectVersion = 56;
	objects = {

/* Begin PBXBuildFile section */
		C1ACD4CF2B6F53C3009FC2D9 /* Assets.xcassets in Resources */ = {isa = PBXBuildFile; fileRef = C1ACD4B22B6F53C2009FC2D9 /* Assets.xcassets */; };
		C1ACD4D02B6F53C3009FC2D9 /* ItemModel.swift in Sources */ = {isa = PBXBuildFile; fileRef = C1ACD4B42B6F53C2009FC2D9 /* ItemModel.swift */; };
		C1ACD4D12B6F53C3009FC2D9 /* CartModel.swift in Sources */ = {isa = PBXBuildFile; fileRef = C1ACD4B52B6F53C2009FC2D9 /* CartModel.swift */; };
		C1ACD4D22B6F53C3009FC2D9 /* ProductModel.swift in Sources */ = {isa = PBXBuildFile; fileRef = C1ACD4B62B6F53C2009FC2D9 /* ProductModel.swift */; };
		C1ACD4D32B6F53C3009FC2D9 /* ItemViewController.swift in Sources */ = {isa = PBXBuildFile; fileRef = C1ACD4B82B6F53C3009FC2D9 /* ItemViewController.swift */; };
		C1ACD4D42B6F53C3009FC2D9 /* DrinksTableViewCell.swift in Sources */ = {isa = PBXBuildFile; fileRef = C1ACD4BB2B6F53C3009FC2D9 /* DrinksTableViewCell.swift */; };
		C1ACD4D52B6F53C3009FC2D9 /* DrinkItemTableViewCell.swift in Sources */ = {isa = PBXBuildFile; fileRef = C1ACD4BC2B6F53C3009FC2D9 /* DrinkItemTableViewCell.swift */; };
		C1ACD4D62B6F53C3009FC2D9 /* ItemInfoTableViewCell.swift in Sources */ = {isa = PBXBuildFile; fileRef = C1ACD4BD2B6F53C3009FC2D9 /* ItemInfoTableViewCell.swift */; };
		C1ACD4D72B6F53C3009FC2D9 /* FooterTableViewCell.swift in Sources */ = {isa = PBXBuildFile; fileRef = C1ACD4BE2B6F53C3009FC2D9 /* FooterTableViewCell.swift */; };
		C1ACD4D82B6F53C3009FC2D9 /* AditionalItemTableViewCell.swift in Sources */ = {isa = PBXBuildFile; fileRef = C1ACD4C02B6F53C3009FC2D9 /* AditionalItemTableViewCell.swift */; };
		C1ACD4D92B6F53C3009FC2D9 /* AditionalTableViewCell.swift in Sources */ = {isa = PBXBuildFile; fileRef = C1ACD4C12B6F53C3009FC2D9 /* AditionalTableViewCell.swift */; };
		C1ACD4DA2B6F53C3009FC2D9 /* CutleryItemTableViewCell.swift in Sources */ = {isa = PBXBuildFile; fileRef = C1ACD4C32B6F53C3009FC2D9 /* CutleryItemTableViewCell.swift */; };
		C1ACD4DB2B6F53C3009FC2D9 /* CutleryTableViewCell.swift in Sources */ = {isa = PBXBuildFile; fileRef = C1ACD4C42B6F53C3009FC2D9 /* CutleryTableViewCell.swift */; };
		C1ACD4DC2B6F53C3009FC2D9 /* SizeTableViewCell.swift in Sources */ = {isa = PBXBuildFile; fileRef = C1ACD4C62B6F53C3009FC2D9 /* SizeTableViewCell.swift */; };
		C1ACD4DD2B6F53C3009FC2D9 /* SizeItemTableViewCell.swift in Sources */ = {isa = PBXBuildFile; fileRef = C1ACD4C72B6F53C3009FC2D9 /* SizeItemTableViewCell.swift */; };
		C1ACD4DE2B6F53C3009FC2D9 /* ObservationTableViewCell.swift in Sources */ = {isa = PBXBuildFile; fileRef = C1ACD4C82B6F53C3009FC2D9 /* ObservationTableViewCell.swift */; };
		C1ACD4DF2B6F53C3009FC2D9 /* HeaderTableViewCell.swift in Sources */ = {isa = PBXBuildFile; fileRef = C1ACD4C92B6F53C3009FC2D9 /* HeaderTableViewCell.swift */; };
		C1ACD4E02B6F53C3009FC2D9 /* DoubleExtensions.swift in Sources */ = {isa = PBXBuildFile; fileRef = C1ACD4CB2B6F53C3009FC2D9 /* DoubleExtensions.swift */; };
		C1ACD4E12B6F53C3009FC2D9 /* Helper.swift in Sources */ = {isa = PBXBuildFile; fileRef = C1ACD4CC2B6F53C3009FC2D9 /* Helper.swift */; };
		C1ACD4E22B6F53C3009FC2D9 /* ItemViewModel.swift in Sources */ = {isa = PBXBuildFile; fileRef = C1ACD4CE2B6F53C3009FC2D9 /* ItemViewModel.swift */; };
		C1ACD4E42B6F688B009FC2D9 /* ItemViewController+TableViewExtensions.swift in Sources */ = {isa = PBXBuildFile; fileRef = C1ACD4E32B6F688B009FC2D9 /* ItemViewController+TableViewExtensions.swift */; };
		C1ACD4E72B6F6CDE009FC2D9 /* MandatoryView.swift in Sources */ = {isa = PBXBuildFile; fileRef = C1ACD4E62B6F6CDE009FC2D9 /* MandatoryView.swift */; };
		C1ACD4E92B6FCECF009FC2D9 /* PromoView.swift in Sources */ = {isa = PBXBuildFile; fileRef = C1ACD4E82B6FCECF009FC2D9 /* PromoView.swift */; };
		C1ACD4EC2B6FF7E7009FC2D9 /* Delegates.swift in Sources */ = {isa = PBXBuildFile; fileRef = C1ACD4EB2B6FF7E7009FC2D9 /* Delegates.swift */; };
		C1ACD5032B700856009FC2D9 /* Nunito-VariableFont_wght.ttf in Resources */ = {isa = PBXBuildFile; fileRef = C1ACD4EE2B700856009FC2D9 /* Nunito-VariableFont_wght.ttf */; };
		C1ACD5042B700856009FC2D9 /* Nunito-Medium.ttf in Resources */ = {isa = PBXBuildFile; fileRef = C1ACD4F02B700856009FC2D9 /* Nunito-Medium.ttf */; };
		C1ACD5052B700856009FC2D9 /* Nunito-ExtraBoldItalic.ttf in Resources */ = {isa = PBXBuildFile; fileRef = C1ACD4F12B700856009FC2D9 /* Nunito-ExtraBoldItalic.ttf */; };
		C1ACD5062B700856009FC2D9 /* Nunito-ExtraBold.ttf in Resources */ = {isa = PBXBuildFile; fileRef = C1ACD4F22B700856009FC2D9 /* Nunito-ExtraBold.ttf */; };
		C1ACD5072B700856009FC2D9 /* Nunito-ExtraLightItalic.ttf in Resources */ = {isa = PBXBuildFile; fileRef = C1ACD4F32B700856009FC2D9 /* Nunito-ExtraLightItalic.ttf */; };
		C1ACD5082B700856009FC2D9 /* Nunito-Light.ttf in Resources */ = {isa = PBXBuildFile; fileRef = C1ACD4F42B700856009FC2D9 /* Nunito-Light.ttf */; };
		C1ACD5092B700856009FC2D9 /* Nunito-Regular.ttf in Resources */ = {isa = PBXBuildFile; fileRef = C1ACD4F52B700856009FC2D9 /* Nunito-Regular.ttf */; };
		C1ACD50A2B700856009FC2D9 /* Nunito-SemiBold.ttf in Resources */ = {isa = PBXBuildFile; fileRef = C1ACD4F62B700856009FC2D9 /* Nunito-SemiBold.ttf */; };
		C1ACD50B2B700856009FC2D9 /* Nunito-Bold.ttf in Resources */ = {isa = PBXBuildFile; fileRef = C1ACD4F72B700856009FC2D9 /* Nunito-Bold.ttf */; };
		C1ACD50C2B700856009FC2D9 /* Nunito-BoldItalic.ttf in Resources */ = {isa = PBXBuildFile; fileRef = C1ACD4F82B700856009FC2D9 /* Nunito-BoldItalic.ttf */; };
		C1ACD50D2B700856009FC2D9 /* Nunito-Black.ttf in Resources */ = {isa = PBXBuildFile; fileRef = C1ACD4F92B700856009FC2D9 /* Nunito-Black.ttf */; };
		C1ACD50E2B700856009FC2D9 /* Nunito-ExtraLight.ttf in Resources */ = {isa = PBXBuildFile; fileRef = C1ACD4FA2B700856009FC2D9 /* Nunito-ExtraLight.ttf */; };
		C1ACD50F2B700856009FC2D9 /* Nunito-SemiBoldItalic.ttf in Resources */ = {isa = PBXBuildFile; fileRef = C1ACD4FB2B700856009FC2D9 /* Nunito-SemiBoldItalic.ttf */; };
		C1ACD5102B700856009FC2D9 /* Nunito-BlackItalic.ttf in Resources */ = {isa = PBXBuildFile; fileRef = C1ACD4FC2B700856009FC2D9 /* Nunito-BlackItalic.ttf */; };
		C1ACD5112B700856009FC2D9 /* Nunito-Italic.ttf in Resources */ = {isa = PBXBuildFile; fileRef = C1ACD4FD2B700856009FC2D9 /* Nunito-Italic.ttf */; };
		C1ACD5122B700856009FC2D9 /* Nunito-LightItalic.ttf in Resources */ = {isa = PBXBuildFile; fileRef = C1ACD4FE2B700856009FC2D9 /* Nunito-LightItalic.ttf */; };
		C1ACD5132B700856009FC2D9 /* Nunito-MediumItalic.ttf in Resources */ = {isa = PBXBuildFile; fileRef = C1ACD4FF2B700856009FC2D9 /* Nunito-MediumItalic.ttf */; };
		C1ACD5152B700856009FC2D9 /* Nunito-Italic-VariableFont_wght.ttf in Resources */ = {isa = PBXBuildFile; fileRef = C1ACD5012B700856009FC2D9 /* Nunito-Italic-VariableFont_wght.ttf */; };
		C1ACD5182B700E59009FC2D9 /* AiqFonts.swift in Sources */ = {isa = PBXBuildFile; fileRef = C1ACD5172B700E59009FC2D9 /* AiqFonts.swift */; };
		C1ACD51A2B701D43009FC2D9 /* AiqColors.swift in Sources */ = {isa = PBXBuildFile; fileRef = C1ACD5192B701D43009FC2D9 /* AiqColors.swift */; };
		C1ACD51C2B702829009FC2D9 /* LocationView.swift in Sources */ = {isa = PBXBuildFile; fileRef = C1ACD51B2B702829009FC2D9 /* LocationView.swift */; };
		C1ACD51E2B703D53009FC2D9 /* Separator.swift in Sources */ = {isa = PBXBuildFile; fileRef = C1ACD51D2B703D53009FC2D9 /* Separator.swift */; };
		C1ACD5202B7042DA009FC2D9 /* HeaderView.swift in Sources */ = {isa = PBXBuildFile; fileRef = C1ACD51F2B7042DA009FC2D9 /* HeaderView.swift */; };
		C1FC06B32B6BF6C5004DD3CC /* AppDelegate.swift in Sources */ = {isa = PBXBuildFile; fileRef = C1FC06B22B6BF6C5004DD3CC /* AppDelegate.swift */; };
		C1FC06B52B6BF6C5004DD3CC /* SceneDelegate.swift in Sources */ = {isa = PBXBuildFile; fileRef = C1FC06B42B6BF6C5004DD3CC /* SceneDelegate.swift */; };
		C1FC06BF2B6BF6CA004DD3CC /* LaunchScreen.storyboard in Resources */ = {isa = PBXBuildFile; fileRef = C1FC06BD2B6BF6CA004DD3CC /* LaunchScreen.storyboard */; };
/* End PBXBuildFile section */

/* Begin PBXFileReference section */
		C1ACD4B22B6F53C2009FC2D9 /* Assets.xcassets */ = {isa = PBXFileReference; lastKnownFileType = folder.assetcatalog; path = Assets.xcassets; sourceTree = "<group>"; };
		C1ACD4B42B6F53C2009FC2D9 /* ItemModel.swift */ = {isa = PBXFileReference; fileEncoding = 4; lastKnownFileType = sourcecode.swift; path = ItemModel.swift; sourceTree = "<group>"; };
		C1ACD4B52B6F53C2009FC2D9 /* CartModel.swift */ = {isa = PBXFileReference; fileEncoding = 4; lastKnownFileType = sourcecode.swift; path = CartModel.swift; sourceTree = "<group>"; };
		C1ACD4B62B6F53C2009FC2D9 /* ProductModel.swift */ = {isa = PBXFileReference; fileEncoding = 4; lastKnownFileType = sourcecode.swift; path = ProductModel.swift; sourceTree = "<group>"; };
		C1ACD4B82B6F53C3009FC2D9 /* ItemViewController.swift */ = {isa = PBXFileReference; fileEncoding = 4; lastKnownFileType = sourcecode.swift; path = ItemViewController.swift; sourceTree = "<group>"; };
		C1ACD4BB2B6F53C3009FC2D9 /* DrinksTableViewCell.swift */ = {isa = PBXFileReference; fileEncoding = 4; lastKnownFileType = sourcecode.swift; path = DrinksTableViewCell.swift; sourceTree = "<group>"; };
		C1ACD4BC2B6F53C3009FC2D9 /* DrinkItemTableViewCell.swift */ = {isa = PBXFileReference; fileEncoding = 4; lastKnownFileType = sourcecode.swift; path = DrinkItemTableViewCell.swift; sourceTree = "<group>"; };
		C1ACD4BD2B6F53C3009FC2D9 /* ItemInfoTableViewCell.swift */ = {isa = PBXFileReference; fileEncoding = 4; lastKnownFileType = sourcecode.swift; path = ItemInfoTableViewCell.swift; sourceTree = "<group>"; };
		C1ACD4BE2B6F53C3009FC2D9 /* FooterTableViewCell.swift */ = {isa = PBXFileReference; fileEncoding = 4; lastKnownFileType = sourcecode.swift; path = FooterTableViewCell.swift; sourceTree = "<group>"; };
		C1ACD4C02B6F53C3009FC2D9 /* AditionalItemTableViewCell.swift */ = {isa = PBXFileReference; fileEncoding = 4; lastKnownFileType = sourcecode.swift; path = AditionalItemTableViewCell.swift; sourceTree = "<group>"; };
		C1ACD4C12B6F53C3009FC2D9 /* AditionalTableViewCell.swift */ = {isa = PBXFileReference; fileEncoding = 4; lastKnownFileType = sourcecode.swift; path = AditionalTableViewCell.swift; sourceTree = "<group>"; };
		C1ACD4C32B6F53C3009FC2D9 /* CutleryItemTableViewCell.swift */ = {isa = PBXFileReference; fileEncoding = 4; lastKnownFileType = sourcecode.swift; path = CutleryItemTableViewCell.swift; sourceTree = "<group>"; };
		C1ACD4C42B6F53C3009FC2D9 /* CutleryTableViewCell.swift */ = {isa = PBXFileReference; fileEncoding = 4; lastKnownFileType = sourcecode.swift; path = CutleryTableViewCell.swift; sourceTree = "<group>"; };
		C1ACD4C62B6F53C3009FC2D9 /* SizeTableViewCell.swift */ = {isa = PBXFileReference; fileEncoding = 4; lastKnownFileType = sourcecode.swift; path = SizeTableViewCell.swift; sourceTree = "<group>"; };
		C1ACD4C72B6F53C3009FC2D9 /* SizeItemTableViewCell.swift */ = {isa = PBXFileReference; fileEncoding = 4; lastKnownFileType = sourcecode.swift; path = SizeItemTableViewCell.swift; sourceTree = "<group>"; };
		C1ACD4C82B6F53C3009FC2D9 /* ObservationTableViewCell.swift */ = {isa = PBXFileReference; fileEncoding = 4; lastKnownFileType = sourcecode.swift; path = ObservationTableViewCell.swift; sourceTree = "<group>"; };
		C1ACD4C92B6F53C3009FC2D9 /* HeaderTableViewCell.swift */ = {isa = PBXFileReference; fileEncoding = 4; lastKnownFileType = sourcecode.swift; path = HeaderTableViewCell.swift; sourceTree = "<group>"; };
		C1ACD4CB2B6F53C3009FC2D9 /* DoubleExtensions.swift */ = {isa = PBXFileReference; fileEncoding = 4; lastKnownFileType = sourcecode.swift; path = DoubleExtensions.swift; sourceTree = "<group>"; };
		C1ACD4CC2B6F53C3009FC2D9 /* Helper.swift */ = {isa = PBXFileReference; fileEncoding = 4; lastKnownFileType = sourcecode.swift; path = Helper.swift; sourceTree = "<group>"; };
		C1ACD4CE2B6F53C3009FC2D9 /* ItemViewModel.swift */ = {isa = PBXFileReference; fileEncoding = 4; lastKnownFileType = sourcecode.swift; path = ItemViewModel.swift; sourceTree = "<group>"; };
		C1ACD4E32B6F688B009FC2D9 /* ItemViewController+TableViewExtensions.swift */ = {isa = PBXFileReference; lastKnownFileType = sourcecode.swift; path = "ItemViewController+TableViewExtensions.swift"; sourceTree = "<group>"; };
		C1ACD4E62B6F6CDE009FC2D9 /* MandatoryView.swift */ = {isa = PBXFileReference; lastKnownFileType = sourcecode.swift; path = MandatoryView.swift; sourceTree = "<group>"; };
		C1ACD4E82B6FCECF009FC2D9 /* PromoView.swift */ = {isa = PBXFileReference; lastKnownFileType = sourcecode.swift; path = PromoView.swift; sourceTree = "<group>"; };
		C1ACD4EB2B6FF7E7009FC2D9 /* Delegates.swift */ = {isa = PBXFileReference; lastKnownFileType = sourcecode.swift; path = Delegates.swift; sourceTree = "<group>"; };
		C1ACD4EE2B700856009FC2D9 /* Nunito-VariableFont_wght.ttf */ = {isa = PBXFileReference; lastKnownFileType = file; path = "Nunito-VariableFont_wght.ttf"; sourceTree = "<group>"; };
		C1ACD4F02B700856009FC2D9 /* Nunito-Medium.ttf */ = {isa = PBXFileReference; lastKnownFileType = file; path = "Nunito-Medium.ttf"; sourceTree = "<group>"; };
		C1ACD4F12B700856009FC2D9 /* Nunito-ExtraBoldItalic.ttf */ = {isa = PBXFileReference; lastKnownFileType = file; path = "Nunito-ExtraBoldItalic.ttf"; sourceTree = "<group>"; };
		C1ACD4F22B700856009FC2D9 /* Nunito-ExtraBold.ttf */ = {isa = PBXFileReference; lastKnownFileType = file; path = "Nunito-ExtraBold.ttf"; sourceTree = "<group>"; };
		C1ACD4F32B700856009FC2D9 /* Nunito-ExtraLightItalic.ttf */ = {isa = PBXFileReference; lastKnownFileType = file; path = "Nunito-ExtraLightItalic.ttf"; sourceTree = "<group>"; };
		C1ACD4F42B700856009FC2D9 /* Nunito-Light.ttf */ = {isa = PBXFileReference; lastKnownFileType = file; path = "Nunito-Light.ttf"; sourceTree = "<group>"; };
		C1ACD4F52B700856009FC2D9 /* Nunito-Regular.ttf */ = {isa = PBXFileReference; lastKnownFileType = file; path = "Nunito-Regular.ttf"; sourceTree = "<group>"; };
		C1ACD4F62B700856009FC2D9 /* Nunito-SemiBold.ttf */ = {isa = PBXFileReference; lastKnownFileType = file; path = "Nunito-SemiBold.ttf"; sourceTree = "<group>"; };
		C1ACD4F72B700856009FC2D9 /* Nunito-Bold.ttf */ = {isa = PBXFileReference; lastKnownFileType = file; path = "Nunito-Bold.ttf"; sourceTree = "<group>"; };
		C1ACD4F82B700856009FC2D9 /* Nunito-BoldItalic.ttf */ = {isa = PBXFileReference; lastKnownFileType = file; path = "Nunito-BoldItalic.ttf"; sourceTree = "<group>"; };
		C1ACD4F92B700856009FC2D9 /* Nunito-Black.ttf */ = {isa = PBXFileReference; lastKnownFileType = file; path = "Nunito-Black.ttf"; sourceTree = "<group>"; };
		C1ACD4FA2B700856009FC2D9 /* Nunito-ExtraLight.ttf */ = {isa = PBXFileReference; lastKnownFileType = file; path = "Nunito-ExtraLight.ttf"; sourceTree = "<group>"; };
		C1ACD4FB2B700856009FC2D9 /* Nunito-SemiBoldItalic.ttf */ = {isa = PBXFileReference; lastKnownFileType = file; path = "Nunito-SemiBoldItalic.ttf"; sourceTree = "<group>"; };
		C1ACD4FC2B700856009FC2D9 /* Nunito-BlackItalic.ttf */ = {isa = PBXFileReference; lastKnownFileType = file; path = "Nunito-BlackItalic.ttf"; sourceTree = "<group>"; };
		C1ACD4FD2B700856009FC2D9 /* Nunito-Italic.ttf */ = {isa = PBXFileReference; lastKnownFileType = file; path = "Nunito-Italic.ttf"; sourceTree = "<group>"; };
		C1ACD4FE2B700856009FC2D9 /* Nunito-LightItalic.ttf */ = {isa = PBXFileReference; lastKnownFileType = file; path = "Nunito-LightItalic.ttf"; sourceTree = "<group>"; };
		C1ACD4FF2B700856009FC2D9 /* Nunito-MediumItalic.ttf */ = {isa = PBXFileReference; lastKnownFileType = file; path = "Nunito-MediumItalic.ttf"; sourceTree = "<group>"; };
		C1ACD5012B700856009FC2D9 /* Nunito-Italic-VariableFont_wght.ttf */ = {isa = PBXFileReference; lastKnownFileType = file; path = "Nunito-Italic-VariableFont_wght.ttf"; sourceTree = "<group>"; };
		C1ACD5172B700E59009FC2D9 /* AiqFonts.swift */ = {isa = PBXFileReference; lastKnownFileType = sourcecode.swift; path = AiqFonts.swift; sourceTree = "<group>"; };
		C1ACD5192B701D43009FC2D9 /* AiqColors.swift */ = {isa = PBXFileReference; lastKnownFileType = sourcecode.swift; path = AiqColors.swift; sourceTree = "<group>"; };
		C1ACD51B2B702829009FC2D9 /* LocationView.swift */ = {isa = PBXFileReference; lastKnownFileType = sourcecode.swift; path = LocationView.swift; sourceTree = "<group>"; };
		C1ACD51D2B703D53009FC2D9 /* Separator.swift */ = {isa = PBXFileReference; lastKnownFileType = sourcecode.swift; path = Separator.swift; sourceTree = "<group>"; };
		C1ACD51F2B7042DA009FC2D9 /* HeaderView.swift */ = {isa = PBXFileReference; lastKnownFileType = sourcecode.swift; path = HeaderView.swift; sourceTree = "<group>"; };
		C1FC06AF2B6BF6C5004DD3CC /* teste-front-end-MOBILE.app */ = {isa = PBXFileReference; explicitFileType = wrapper.application; includeInIndex = 0; path = "teste-front-end-MOBILE.app"; sourceTree = BUILT_PRODUCTS_DIR; };
		C1FC06B22B6BF6C5004DD3CC /* AppDelegate.swift */ = {isa = PBXFileReference; lastKnownFileType = sourcecode.swift; path = AppDelegate.swift; sourceTree = "<group>"; };
		C1FC06B42B6BF6C5004DD3CC /* SceneDelegate.swift */ = {isa = PBXFileReference; lastKnownFileType = sourcecode.swift; path = SceneDelegate.swift; sourceTree = "<group>"; };
		C1FC06BE2B6BF6CA004DD3CC /* Base */ = {isa = PBXFileReference; lastKnownFileType = file.storyboard; name = Base; path = Base.lproj/LaunchScreen.storyboard; sourceTree = "<group>"; };
		C1FC06C02B6BF6CA004DD3CC /* Info.plist */ = {isa = PBXFileReference; lastKnownFileType = text.plist.xml; path = Info.plist; sourceTree = "<group>"; };
/* End PBXFileReference section */

/* Begin PBXFrameworksBuildPhase section */
		C1FC06AC2B6BF6C5004DD3CC /* Frameworks */ = {
			isa = PBXFrameworksBuildPhase;
			buildActionMask = 2147483647;
			files = (
			);
			runOnlyForDeploymentPostprocessing = 0;
		};
/* End PBXFrameworksBuildPhase section */

/* Begin PBXGroup section */
		C1ACD4B12B6F53C2009FC2D9 /* Resources */ = {
			isa = PBXGroup;
			children = (
				C1ACD4ED2B700856009FC2D9 /* Fonts */,
				C1ACD4B22B6F53C2009FC2D9 /* Assets.xcassets */,
			);
			path = Resources;
			sourceTree = "<group>";
		};
		C1ACD4B32B6F53C2009FC2D9 /* Models */ = {
			isa = PBXGroup;
			children = (
				C1ACD4B42B6F53C2009FC2D9 /* ItemModel.swift */,
				C1ACD4B52B6F53C2009FC2D9 /* CartModel.swift */,
				C1ACD4B62B6F53C2009FC2D9 /* ProductModel.swift */,
			);
			path = Models;
			sourceTree = "<group>";
		};
		C1ACD4B72B6F53C3009FC2D9 /* ViewControllers */ = {
			isa = PBXGroup;
			children = (
				C1ACD4B82B6F53C3009FC2D9 /* ItemViewController.swift */,
				C1ACD51F2B7042DA009FC2D9 /* HeaderView.swift */,
				C1ACD4E32B6F688B009FC2D9 /* ItemViewController+TableViewExtensions.swift */,
			);
			path = ViewControllers;
			sourceTree = "<group>";
		};
		C1ACD4B92B6F53C3009FC2D9 /* Views */ = {
			isa = PBXGroup;
			children = (
				C1ACD4BA2B6F53C3009FC2D9 /* Drinks */,
				C1ACD4BF2B6F53C3009FC2D9 /* Aditional */,
				C1ACD4C22B6F53C3009FC2D9 /* Cutlery */,
				C1ACD4C52B6F53C3009FC2D9 /* Size */,
				C1ACD4BD2B6F53C3009FC2D9 /* ItemInfoTableViewCell.swift */,
				C1ACD4BE2B6F53C3009FC2D9 /* FooterTableViewCell.swift */,
				C1ACD4C82B6F53C3009FC2D9 /* ObservationTableViewCell.swift */,
				C1ACD4C92B6F53C3009FC2D9 /* HeaderTableViewCell.swift */,
			);
			path = Views;
			sourceTree = "<group>";
		};
		C1ACD4BA2B6F53C3009FC2D9 /* Drinks */ = {
			isa = PBXGroup;
			children = (
				C1ACD4BB2B6F53C3009FC2D9 /* DrinksTableViewCell.swift */,
				C1ACD4BC2B6F53C3009FC2D9 /* DrinkItemTableViewCell.swift */,
			);
			path = Drinks;
			sourceTree = "<group>";
		};
		C1ACD4BF2B6F53C3009FC2D9 /* Aditional */ = {
			isa = PBXGroup;
			children = (
				C1ACD4C02B6F53C3009FC2D9 /* AditionalItemTableViewCell.swift */,
				C1ACD4C12B6F53C3009FC2D9 /* AditionalTableViewCell.swift */,
			);
			path = Aditional;
			sourceTree = "<group>";
		};
		C1ACD4C22B6F53C3009FC2D9 /* Cutlery */ = {
			isa = PBXGroup;
			children = (
				C1ACD4C32B6F53C3009FC2D9 /* CutleryItemTableViewCell.swift */,
				C1ACD4C42B6F53C3009FC2D9 /* CutleryTableViewCell.swift */,
			);
			path = Cutlery;
			sourceTree = "<group>";
		};
		C1ACD4C52B6F53C3009FC2D9 /* Size */ = {
			isa = PBXGroup;
			children = (
				C1ACD4C62B6F53C3009FC2D9 /* SizeTableViewCell.swift */,
				C1ACD4C72B6F53C3009FC2D9 /* SizeItemTableViewCell.swift */,
			);
			path = Size;
			sourceTree = "<group>";
		};
		C1ACD4CD2B6F53C3009FC2D9 /* ViewModels */ = {
			isa = PBXGroup;
			children = (
				C1ACD4CE2B6F53C3009FC2D9 /* ItemViewModel.swift */,
			);
			path = ViewModels;
			sourceTree = "<group>";
		};
		C1ACD4E52B6F6BDC009FC2D9 /* Components */ = {
			isa = PBXGroup;
			children = (
				C1ACD4E62B6F6CDE009FC2D9 /* MandatoryView.swift */,
				C1ACD4E82B6FCECF009FC2D9 /* PromoView.swift */,
				C1ACD51B2B702829009FC2D9 /* LocationView.swift */,
				C1ACD51D2B703D53009FC2D9 /* Separator.swift */,
			);
			path = Components;
			sourceTree = "<group>";
		};
		C1ACD4EA2B6FF7C4009FC2D9 /* Common */ = {
			isa = PBXGroup;
			children = (
				C1ACD4E52B6F6BDC009FC2D9 /* Components */,
				C1ACD4CB2B6F53C3009FC2D9 /* DoubleExtensions.swift */,
				C1ACD4CC2B6F53C3009FC2D9 /* Helper.swift */,
				C1ACD4EB2B6FF7E7009FC2D9 /* Delegates.swift */,
				C1ACD5172B700E59009FC2D9 /* AiqFonts.swift */,
				C1ACD5192B701D43009FC2D9 /* AiqColors.swift */,
			);
			path = Common;
			sourceTree = "<group>";
		};
		C1ACD4ED2B700856009FC2D9 /* Fonts */ = {
			isa = PBXGroup;
			children = (
				C1ACD4EE2B700856009FC2D9 /* Nunito-VariableFont_wght.ttf */,
				C1ACD4EF2B700856009FC2D9 /* static */,
				C1ACD5012B700856009FC2D9 /* Nunito-Italic-VariableFont_wght.ttf */,
			);
			path = Fonts;
			sourceTree = "<group>";
		};
		C1ACD4EF2B700856009FC2D9 /* static */ = {
			isa = PBXGroup;
			children = (
				C1ACD4F02B700856009FC2D9 /* Nunito-Medium.ttf */,
				C1ACD4F12B700856009FC2D9 /* Nunito-ExtraBoldItalic.ttf */,
				C1ACD4F22B700856009FC2D9 /* Nunito-ExtraBold.ttf */,
				C1ACD4F32B700856009FC2D9 /* Nunito-ExtraLightItalic.ttf */,
				C1ACD4F42B700856009FC2D9 /* Nunito-Light.ttf */,
				C1ACD4F52B700856009FC2D9 /* Nunito-Regular.ttf */,
				C1ACD4F62B700856009FC2D9 /* Nunito-SemiBold.ttf */,
				C1ACD4F72B700856009FC2D9 /* Nunito-Bold.ttf */,
				C1ACD4F82B700856009FC2D9 /* Nunito-BoldItalic.ttf */,
				C1ACD4F92B700856009FC2D9 /* Nunito-Black.ttf */,
				C1ACD4FA2B700856009FC2D9 /* Nunito-ExtraLight.ttf */,
				C1ACD4FB2B700856009FC2D9 /* Nunito-SemiBoldItalic.ttf */,
				C1ACD4FC2B700856009FC2D9 /* Nunito-BlackItalic.ttf */,
				C1ACD4FD2B700856009FC2D9 /* Nunito-Italic.ttf */,
				C1ACD4FE2B700856009FC2D9 /* Nunito-LightItalic.ttf */,
				C1ACD4FF2B700856009FC2D9 /* Nunito-MediumItalic.ttf */,
			);
			path = static;
			sourceTree = "<group>";
		};
		C1FC06A62B6BF6C5004DD3CC = {
			isa = PBXGroup;
			children = (
				C1FC06B12B6BF6C5004DD3CC /* teste-front-end-MOBILE */,
				C1FC06B02B6BF6C5004DD3CC /* Products */,
			);
			sourceTree = "<group>";
		};
		C1FC06B02B6BF6C5004DD3CC /* Products */ = {
			isa = PBXGroup;
			children = (
				C1FC06AF2B6BF6C5004DD3CC /* teste-front-end-MOBILE.app */,
			);
			name = Products;
			sourceTree = "<group>";
		};
		C1FC06B12B6BF6C5004DD3CC /* teste-front-end-MOBILE */ = {
			isa = PBXGroup;
			children = (
				C1ACD4EA2B6FF7C4009FC2D9 /* Common */,
				C1ACD4B32B6F53C2009FC2D9 /* Models */,
				C1ACD4B12B6F53C2009FC2D9 /* Resources */,
				C1ACD4B72B6F53C3009FC2D9 /* ViewControllers */,
				C1ACD4CD2B6F53C3009FC2D9 /* ViewModels */,
				C1ACD4B92B6F53C3009FC2D9 /* Views */,
				C1FC06B22B6BF6C5004DD3CC /* AppDelegate.swift */,
				C1FC06B42B6BF6C5004DD3CC /* SceneDelegate.swift */,
				C1FC06BD2B6BF6CA004DD3CC /* LaunchScreen.storyboard */,
				C1FC06C02B6BF6CA004DD3CC /* Info.plist */,
			);
			path = "teste-front-end-MOBILE";
			sourceTree = "<group>";
		};
/* End PBXGroup section */

/* Begin PBXNativeTarget section */
		C1FC06AE2B6BF6C5004DD3CC /* teste-front-end-MOBILE */ = {
			isa = PBXNativeTarget;
			buildConfigurationList = C1FC06C32B6BF6CA004DD3CC /* Build configuration list for PBXNativeTarget "teste-front-end-MOBILE" */;
			buildPhases = (
				C1FC06AB2B6BF6C5004DD3CC /* Sources */,
				C1FC06AC2B6BF6C5004DD3CC /* Frameworks */,
				C1FC06AD2B6BF6C5004DD3CC /* Resources */,
			);
			buildRules = (
			);
			dependencies = (
			);
			name = "teste-front-end-MOBILE";
			productName = "teste-front-end-MOBILE";
			productReference = C1FC06AF2B6BF6C5004DD3CC /* teste-front-end-MOBILE.app */;
			productType = "com.apple.product-type.application";
		};
/* End PBXNativeTarget section */

/* Begin PBXProject section */
		C1FC06A72B6BF6C5004DD3CC /* Project object */ = {
			isa = PBXProject;
			attributes = {
				BuildIndependentTargetsInParallel = 1;
				LastSwiftUpdateCheck = 1500;
				LastUpgradeCheck = 1500;
				TargetAttributes = {
					C1FC06AE2B6BF6C5004DD3CC = {
						CreatedOnToolsVersion = 15.0.1;
					};
				};
			};
			buildConfigurationList = C1FC06AA2B6BF6C5004DD3CC /* Build configuration list for PBXProject "teste-front-end-MOBILE" */;
			compatibilityVersion = "Xcode 14.0";
			developmentRegion = en;
			hasScannedForEncodings = 0;
			knownRegions = (
				en,
				Base,
			);
			mainGroup = C1FC06A62B6BF6C5004DD3CC;
			productRefGroup = C1FC06B02B6BF6C5004DD3CC /* Products */;
			projectDirPath = "";
			projectRoot = "";
			targets = (
				C1FC06AE2B6BF6C5004DD3CC /* teste-front-end-MOBILE */,
			);
		};
/* End PBXProject section */

/* Begin PBXResourcesBuildPhase section */
		C1FC06AD2B6BF6C5004DD3CC /* Resources */ = {
			isa = PBXResourcesBuildPhase;
			buildActionMask = 2147483647;
			files = (
				C1ACD5072B700856009FC2D9 /* Nunito-ExtraLightItalic.ttf in Resources */,
				C1ACD50E2B700856009FC2D9 /* Nunito-ExtraLight.ttf in Resources */,
				C1ACD5042B700856009FC2D9 /* Nunito-Medium.ttf in Resources */,
				C1ACD50F2B700856009FC2D9 /* Nunito-SemiBoldItalic.ttf in Resources */,
				C1ACD5122B700856009FC2D9 /* Nunito-LightItalic.ttf in Resources */,
				C1ACD5052B700856009FC2D9 /* Nunito-ExtraBoldItalic.ttf in Resources */,
				C1FC06BF2B6BF6CA004DD3CC /* LaunchScreen.storyboard in Resources */,
				C1ACD50A2B700856009FC2D9 /* Nunito-SemiBold.ttf in Resources */,
				C1ACD5062B700856009FC2D9 /* Nunito-ExtraBold.ttf in Resources */,
				C1ACD50C2B700856009FC2D9 /* Nunito-BoldItalic.ttf in Resources */,
				C1ACD50B2B700856009FC2D9 /* Nunito-Bold.ttf in Resources */,
				C1ACD5032B700856009FC2D9 /* Nunito-VariableFont_wght.ttf in Resources */,
				C1ACD50D2B700856009FC2D9 /* Nunito-Black.ttf in Resources */,
				C1ACD5092B700856009FC2D9 /* Nunito-Regular.ttf in Resources */,
				C1ACD5082B700856009FC2D9 /* Nunito-Light.ttf in Resources */,
				C1ACD4CF2B6F53C3009FC2D9 /* Assets.xcassets in Resources */,
				C1ACD5132B700856009FC2D9 /* Nunito-MediumItalic.ttf in Resources */,
				C1ACD5102B700856009FC2D9 /* Nunito-BlackItalic.ttf in Resources */,
				C1ACD5152B700856009FC2D9 /* Nunito-Italic-VariableFont_wght.ttf in Resources */,
				C1ACD5112B700856009FC2D9 /* Nunito-Italic.ttf in Resources */,
			);
			runOnlyForDeploymentPostprocessing = 0;
		};
/* End PBXResourcesBuildPhase section */

/* Begin PBXSourcesBuildPhase section */
		C1FC06AB2B6BF6C5004DD3CC /* Sources */ = {
			isa = PBXSourcesBuildPhase;
			buildActionMask = 2147483647;
			files = (
				C1ACD51A2B701D43009FC2D9 /* AiqColors.swift in Sources */,
				C1ACD4DC2B6F53C3009FC2D9 /* SizeTableViewCell.swift in Sources */,
				C1ACD4D82B6F53C3009FC2D9 /* AditionalItemTableViewCell.swift in Sources */,
				C1ACD4DF2B6F53C3009FC2D9 /* HeaderTableViewCell.swift in Sources */,
				C1ACD4E22B6F53C3009FC2D9 /* ItemViewModel.swift in Sources */,
				C1ACD4D12B6F53C3009FC2D9 /* CartModel.swift in Sources */,
				C1ACD4D22B6F53C3009FC2D9 /* ProductModel.swift in Sources */,
				C1ACD4DE2B6F53C3009FC2D9 /* ObservationTableViewCell.swift in Sources */,
				C1ACD4DA2B6F53C3009FC2D9 /* CutleryItemTableViewCell.swift in Sources */,
				C1ACD4D62B6F53C3009FC2D9 /* ItemInfoTableViewCell.swift in Sources */,
				C1ACD51E2B703D53009FC2D9 /* Separator.swift in Sources */,
				C1ACD4E42B6F688B009FC2D9 /* ItemViewController+TableViewExtensions.swift in Sources */,
				C1ACD4E12B6F53C3009FC2D9 /* Helper.swift in Sources */,
				C1ACD4EC2B6FF7E7009FC2D9 /* Delegates.swift in Sources */,
				C1ACD5182B700E59009FC2D9 /* AiqFonts.swift in Sources */,
				C1ACD4D42B6F53C3009FC2D9 /* DrinksTableViewCell.swift in Sources */,
				C1ACD4D52B6F53C3009FC2D9 /* DrinkItemTableViewCell.swift in Sources */,
				C1FC06B32B6BF6C5004DD3CC /* AppDelegate.swift in Sources */,
				C1ACD4E02B6F53C3009FC2D9 /* DoubleExtensions.swift in Sources */,
				C1ACD4E72B6F6CDE009FC2D9 /* MandatoryView.swift in Sources */,
				C1ACD4DD2B6F53C3009FC2D9 /* SizeItemTableViewCell.swift in Sources */,
				C1ACD4D32B6F53C3009FC2D9 /* ItemViewController.swift in Sources */,
				C1ACD4E92B6FCECF009FC2D9 /* PromoView.swift in Sources */,
				C1ACD4DB2B6F53C3009FC2D9 /* CutleryTableViewCell.swift in Sources */,
				C1ACD4D72B6F53C3009FC2D9 /* FooterTableViewCell.swift in Sources */,
				C1ACD5202B7042DA009FC2D9 /* HeaderView.swift in Sources */,
				C1ACD4D02B6F53C3009FC2D9 /* ItemModel.swift in Sources */,
				C1ACD51C2B702829009FC2D9 /* LocationView.swift in Sources */,
				C1ACD4D92B6F53C3009FC2D9 /* AditionalTableViewCell.swift in Sources */,
				C1FC06B52B6BF6C5004DD3CC /* SceneDelegate.swift in Sources */,
			);
			runOnlyForDeploymentPostprocessing = 0;
		};
/* End PBXSourcesBuildPhase section */

/* Begin PBXVariantGroup section */
		C1FC06BD2B6BF6CA004DD3CC /* LaunchScreen.storyboard */ = {
			isa = PBXVariantGroup;
			children = (
				C1FC06BE2B6BF6CA004DD3CC /* Base */,
			);
			name = LaunchScreen.storyboard;
			sourceTree = "<group>";
		};
/* End PBXVariantGroup section */

/* Begin XCBuildConfiguration section */
		C1FC06C12B6BF6CA004DD3CC /* Debug */ = {
			isa = XCBuildConfiguration;
			buildSettings = {
				ALWAYS_SEARCH_USER_PATHS = NO;
				ASSETCATALOG_COMPILER_GENERATE_SWIFT_ASSET_SYMBOL_EXTENSIONS = YES;
				CLANG_ANALYZER_NONNULL = YES;
				CLANG_ANALYZER_NUMBER_OBJECT_CONVERSION = YES_AGGRESSIVE;
				CLANG_CXX_LANGUAGE_STANDARD = "gnu++20";
				CLANG_ENABLE_MODULES = YES;
				CLANG_ENABLE_OBJC_ARC = YES;
				CLANG_ENABLE_OBJC_WEAK = YES;
				CLANG_WARN_BLOCK_CAPTURE_AUTORELEASING = YES;
				CLANG_WARN_BOOL_CONVERSION = YES;
				CLANG_WARN_COMMA = YES;
				CLANG_WARN_CONSTANT_CONVERSION = YES;
				CLANG_WARN_DEPRECATED_OBJC_IMPLEMENTATIONS = YES;
				CLANG_WARN_DIRECT_OBJC_ISA_USAGE = YES_ERROR;
				CLANG_WARN_DOCUMENTATION_COMMENTS = YES;
				CLANG_WARN_EMPTY_BODY = YES;
				CLANG_WARN_ENUM_CONVERSION = YES;
				CLANG_WARN_INFINITE_RECURSION = YES;
				CLANG_WARN_INT_CONVERSION = YES;
				CLANG_WARN_NON_LITERAL_NULL_CONVERSION = YES;
				CLANG_WARN_OBJC_IMPLICIT_RETAIN_SELF = YES;
				CLANG_WARN_OBJC_LITERAL_CONVERSION = YES;
				CLANG_WARN_OBJC_ROOT_CLASS = YES_ERROR;
				CLANG_WARN_QUOTED_INCLUDE_IN_FRAMEWORK_HEADER = YES;
				CLANG_WARN_RANGE_LOOP_ANALYSIS = YES;
				CLANG_WARN_STRICT_PROTOTYPES = YES;
				CLANG_WARN_SUSPICIOUS_MOVE = YES;
				CLANG_WARN_UNGUARDED_AVAILABILITY = YES_AGGRESSIVE;
				CLANG_WARN_UNREACHABLE_CODE = YES;
				CLANG_WARN__DUPLICATE_METHOD_MATCH = YES;
				COPY_PHASE_STRIP = NO;
				DEBUG_INFORMATION_FORMAT = dwarf;
				ENABLE_STRICT_OBJC_MSGSEND = YES;
				ENABLE_TESTABILITY = YES;
				ENABLE_USER_SCRIPT_SANDBOXING = YES;
				GCC_C_LANGUAGE_STANDARD = gnu17;
				GCC_DYNAMIC_NO_PIC = NO;
				GCC_NO_COMMON_BLOCKS = YES;
				GCC_OPTIMIZATION_LEVEL = 0;
				GCC_PREPROCESSOR_DEFINITIONS = (
					"DEBUG=1",
					"$(inherited)",
				);
				GCC_WARN_64_TO_32_BIT_CONVERSION = YES;
				GCC_WARN_ABOUT_RETURN_TYPE = YES_ERROR;
				GCC_WARN_UNDECLARED_SELECTOR = YES;
				GCC_WARN_UNINITIALIZED_AUTOS = YES_AGGRESSIVE;
				GCC_WARN_UNUSED_FUNCTION = YES;
				GCC_WARN_UNUSED_VARIABLE = YES;
				IPHONEOS_DEPLOYMENT_TARGET = 17.0;
				LOCALIZATION_PREFERS_STRING_CATALOGS = YES;
				MTL_ENABLE_DEBUG_INFO = INCLUDE_SOURCE;
				MTL_FAST_MATH = YES;
				ONLY_ACTIVE_ARCH = YES;
				SDKROOT = iphoneos;
				SWIFT_ACTIVE_COMPILATION_CONDITIONS = "DEBUG $(inherited)";
				SWIFT_OPTIMIZATION_LEVEL = "-Onone";
			};
			name = Debug;
		};
		C1FC06C22B6BF6CA004DD3CC /* Release */ = {
			isa = XCBuildConfiguration;
			buildSettings = {
				ALWAYS_SEARCH_USER_PATHS = NO;
				ASSETCATALOG_COMPILER_GENERATE_SWIFT_ASSET_SYMBOL_EXTENSIONS = YES;
				CLANG_ANALYZER_NONNULL = YES;
				CLANG_ANALYZER_NUMBER_OBJECT_CONVERSION = YES_AGGRESSIVE;
				CLANG_CXX_LANGUAGE_STANDARD = "gnu++20";
				CLANG_ENABLE_MODULES = YES;
				CLANG_ENABLE_OBJC_ARC = YES;
				CLANG_ENABLE_OBJC_WEAK = YES;
				CLANG_WARN_BLOCK_CAPTURE_AUTORELEASING = YES;
				CLANG_WARN_BOOL_CONVERSION = YES;
				CLANG_WARN_COMMA = YES;
				CLANG_WARN_CONSTANT_CONVERSION = YES;
				CLANG_WARN_DEPRECATED_OBJC_IMPLEMENTATIONS = YES;
				CLANG_WARN_DIRECT_OBJC_ISA_USAGE = YES_ERROR;
				CLANG_WARN_DOCUMENTATION_COMMENTS = YES;
				CLANG_WARN_EMPTY_BODY = YES;
				CLANG_WARN_ENUM_CONVERSION = YES;
				CLANG_WARN_INFINITE_RECURSION = YES;
				CLANG_WARN_INT_CONVERSION = YES;
				CLANG_WARN_NON_LITERAL_NULL_CONVERSION = YES;
				CLANG_WARN_OBJC_IMPLICIT_RETAIN_SELF = YES;
				CLANG_WARN_OBJC_LITERAL_CONVERSION = YES;
				CLANG_WARN_OBJC_ROOT_CLASS = YES_ERROR;
				CLANG_WARN_QUOTED_INCLUDE_IN_FRAMEWORK_HEADER = YES;
				CLANG_WARN_RANGE_LOOP_ANALYSIS = YES;
				CLANG_WARN_STRICT_PROTOTYPES = YES;
				CLANG_WARN_SUSPICIOUS_MOVE = YES;
				CLANG_WARN_UNGUARDED_AVAILABILITY = YES_AGGRESSIVE;
				CLANG_WARN_UNREACHABLE_CODE = YES;
				CLANG_WARN__DUPLICATE_METHOD_MATCH = YES;
				COPY_PHASE_STRIP = NO;
				DEBUG_INFORMATION_FORMAT = "dwarf-with-dsym";
				ENABLE_NS_ASSERTIONS = NO;
				ENABLE_STRICT_OBJC_MSGSEND = YES;
				ENABLE_USER_SCRIPT_SANDBOXING = YES;
				GCC_C_LANGUAGE_STANDARD = gnu17;
				GCC_NO_COMMON_BLOCKS = YES;
				GCC_WARN_64_TO_32_BIT_CONVERSION = YES;
				GCC_WARN_ABOUT_RETURN_TYPE = YES_ERROR;
				GCC_WARN_UNDECLARED_SELECTOR = YES;
				GCC_WARN_UNINITIALIZED_AUTOS = YES_AGGRESSIVE;
				GCC_WARN_UNUSED_FUNCTION = YES;
				GCC_WARN_UNUSED_VARIABLE = YES;
				IPHONEOS_DEPLOYMENT_TARGET = 17.0;
				LOCALIZATION_PREFERS_STRING_CATALOGS = YES;
				MTL_ENABLE_DEBUG_INFO = NO;
				MTL_FAST_MATH = YES;
				SDKROOT = iphoneos;
				SWIFT_COMPILATION_MODE = wholemodule;
				VALIDATE_PRODUCT = YES;
			};
			name = Release;
		};
		C1FC06C42B6BF6CA004DD3CC /* Debug */ = {
			isa = XCBuildConfiguration;
			buildSettings = {
				ASSETCATALOG_COMPILER_APPICON_NAME = AppIcon;
				ASSETCATALOG_COMPILER_GLOBAL_ACCENT_COLOR_NAME = AccentColor;
				CODE_SIGN_STYLE = Automatic;
				CURRENT_PROJECT_VERSION = 1;
				DEVELOPMENT_TEAM = 74DKSPAFD4;
				GENERATE_INFOPLIST_FILE = YES;
				INFOPLIST_FILE = "teste-front-end-MOBILE/Info.plist";
				INFOPLIST_KEY_UIApplicationSupportsIndirectInputEvents = YES;
				INFOPLIST_KEY_UILaunchStoryboardName = LaunchScreen;
				INFOPLIST_KEY_UISupportedInterfaceOrientations_iPad = "UIInterfaceOrientationPortrait UIInterfaceOrientationPortraitUpsideDown UIInterfaceOrientationLandscapeLeft UIInterfaceOrientationLandscapeRight";
				INFOPLIST_KEY_UISupportedInterfaceOrientations_iPhone = "UIInterfaceOrientationPortrait UIInterfaceOrientationLandscapeLeft UIInterfaceOrientationLandscapeRight";
				IPHONEOS_DEPLOYMENT_TARGET = 16.2;
				LD_RUNPATH_SEARCH_PATHS = (
					"$(inherited)",
					"@executable_path/Frameworks",
				);
				MARKETING_VERSION = 1.0;
				PRODUCT_BUNDLE_IDENTIFIER = "com.duduzoeras.teste-front-end-MOBILE";
				PRODUCT_NAME = "$(TARGET_NAME)";
				SWIFT_EMIT_LOC_STRINGS = YES;
				SWIFT_VERSION = 5.0;
				TARGETED_DEVICE_FAMILY = "1,2";
			};
			name = Debug;
		};
		C1FC06C52B6BF6CA004DD3CC /* Release */ = {
			isa = XCBuildConfiguration;
			buildSettings = {
				ASSETCATALOG_COMPILER_APPICON_NAME = AppIcon;
				ASSETCATALOG_COMPILER_GLOBAL_ACCENT_COLOR_NAME = AccentColor;
				CODE_SIGN_STYLE = Automatic;
				CURRENT_PROJECT_VERSION = 1;
				DEVELOPMENT_TEAM = 74DKSPAFD4;
				GENERATE_INFOPLIST_FILE = YES;
				INFOPLIST_FILE = "teste-front-end-MOBILE/Info.plist";
				INFOPLIST_KEY_UIApplicationSupportsIndirectInputEvents = YES;
				INFOPLIST_KEY_UILaunchStoryboardName = LaunchScreen;
				INFOPLIST_KEY_UISupportedInterfaceOrientations_iPad = "UIInterfaceOrientationPortrait UIInterfaceOrientationPortraitUpsideDown UIInterfaceOrientationLandscapeLeft UIInterfaceOrientationLandscapeRight";
				INFOPLIST_KEY_UISupportedInterfaceOrientations_iPhone = "UIInterfaceOrientationPortrait UIInterfaceOrientationLandscapeLeft UIInterfaceOrientationLandscapeRight";
				IPHONEOS_DEPLOYMENT_TARGET = 16.2;
				LD_RUNPATH_SEARCH_PATHS = (
					"$(inherited)",
					"@executable_path/Frameworks",
				);
				MARKETING_VERSION = 1.0;
				PRODUCT_BUNDLE_IDENTIFIER = "com.duduzoeras.teste-front-end-MOBILE";
				PRODUCT_NAME = "$(TARGET_NAME)";
				SWIFT_EMIT_LOC_STRINGS = YES;
				SWIFT_VERSION = 5.0;
				TARGETED_DEVICE_FAMILY = "1,2";
			};
			name = Release;
		};
/* End XCBuildConfiguration section */

/* Begin XCConfigurationList section */
		C1FC06AA2B6BF6C5004DD3CC /* Build configuration list for PBXProject "teste-front-end-MOBILE" */ = {
			isa = XCConfigurationList;
			buildConfigurations = (
				C1FC06C12B6BF6CA004DD3CC /* Debug */,
				C1FC06C22B6BF6CA004DD3CC /* Release */,
			);
			defaultConfigurationIsVisible = 0;
			defaultConfigurationName = Release;
		};
		C1FC06C32B6BF6CA004DD3CC /* Build configuration list for PBXNativeTarget "teste-front-end-MOBILE" */ = {
			isa = XCConfigurationList;
			buildConfigurations = (
				C1FC06C42B6BF6CA004DD3CC /* Debug */,
				C1FC06C52B6BF6CA004DD3CC /* Release */,
			);
			defaultConfigurationIsVisible = 0;
			defaultConfigurationName = Release;
		};
/* End XCConfigurationList section */
	};
	rootObject = C1FC06A72B6BF6C5004DD3CC /* Project object */;
}
